# Generated by pub
# See https://dart.dev/tools/pub/glossary#lockfile
packages:
  better_player_platform_interface:
    dependency: "direct main"
    description:
      path: better_player_platform_interface
      ref: afc24df1c8452aa71c01828c99da8dd355167872
      resolved-ref: afc24df1c8452aa71c01828c99da8dd355167872
      url: "https://github.com/uniqcast/betterplayer"
    source: git
    version: "1.0.0"
  characters:
    dependency: transitive
    description:
      name: characters
      url: "https://pub.dartlang.org"
    source: hosted
    version: "1.2.0"
  collection:
    dependency: transitive
    description:
      name: collection
      url: "https://pub.dartlang.org"
    source: hosted
    version: "1.16.0"
  flutter:
    dependency: "direct main"
    description: flutter
    source: sdk
    version: "0.0.0"
  flutter_lints:
    dependency: "direct dev"
    description:
      name: flutter_lints
      url: "https://pub.dartlang.org"
    source: hosted
    version: "2.0.1"
  flutter_web_plugins:
    dependency: "direct main"
    description: flutter
    source: sdk
    version: "0.0.0"
  js:
    dependency: transitive
    description:
      name: js
      url: "https://pub.dartlang.org"
    source: hosted
    version: "0.6.4"
  lints:
    dependency: transitive
    description:
      name: lints
      url: "https://pub.dartlang.org"
    source: hosted
    version: "2.0.0"
  material_color_utilities:
    dependency: transitive
    description:
      name: material_color_utilities
      url: "https://pub.dartlang.org"
    source: hosted
    version: "0.1.4"
  meta:
    dependency: transitive
    description:
      name: meta
      url: "https://pub.dartlang.org"
    source: hosted
    version: "1.7.0"
  plugin_platform_interface:
    dependency: transitive
    description:
      name: plugin_platform_interface
      url: "https://pub.dartlang.org"
    source: hosted
    version: "2.1.2"
  sky_engine:
    dependency: transitive
    description: flutter
    source: sdk
    version: "0.0.99"
  vector_math:
    dependency: transitive
    description:
      name: vector_math
      url: "https://pub.dartlang.org"
    source: hosted
    version: "2.1.2"
  video_js:
    dependency: "direct main"
    description:
      path: "."
      ref: "32c0aef8a0b71eb9e01bc668383e24534ce89b09"
      resolved-ref: "32c0aef8a0b71eb9e01bc668383e24534ce89b09"
      url: "https://github.com/uniqcast/video_js"
    source: git
    version: "0.1.3"
sdks:
  dart: ">=2.17.0 <3.0.0"
  flutter: ">=3.0.0"
